
Microsoft Visual Studio Solution File, Format Version 12.00
# Visual Studio Version 17
VisualStudioVersion = 17.1.32203.90
MinimumVisualStudioVersion = 10.0.40219.1
Project("{2150E333-8FDC-42A3-9474-1A3956D46DE8}") = "Creational", "Creational", "{F930DD78-BA50-4D2C-B487-93030713938F}"
	ProjectSection(SolutionItems) = preProject
		Creational\README.md = Creational\README.md
	EndProjectSection
EndProject
Project("{2150E333-8FDC-42A3-9474-1A3956D46DE8}") = "Structural", "Structural", "{358512E5-F679-47E5-A849-5965FF51F617}"
	ProjectSection(SolutionItems) = preProject
		Structural\README.md = Structural\README.md
	EndProjectSection
EndProject
Project("{2150E333-8FDC-42A3-9474-1A3956D46DE8}") = "Behavioral", "Behavioral", "{E66F53B0-FDFD-40E7-AE20-7DED407F0EA6}"
	ProjectSection(SolutionItems) = preProject
		Behavioral\README.md = Behavioral\README.md
	EndProjectSection
EndProject
Project("{9A19103F-16F7-4668-BE54-9A1E7A4F7556}") = "Builder", "Creational\Builder\Builder.csproj", "{C5B5762A-C4E7-4C35-86D3-EF7CBE66ABEA}"
EndProject
Project("{2150E333-8FDC-42A3-9474-1A3956D46DE8}") = "Solution Items", "Solution Items", "{C76CBF33-15B8-4FB1-BC68-5C9544DB1A38}"
	ProjectSection(SolutionItems) = preProject
		README.md = README.md
	EndProjectSection
EndProject
Project("{9A19103F-16F7-4668-BE54-9A1E7A4F7556}") = "Singleton", "Creational\Singleton\Singleton.csproj", "{097C74B3-1C5B-4ADC-A358-48720F16B470}"
EndProject
Project("{9A19103F-16F7-4668-BE54-9A1E7A4F7556}") = "Adapter", "Structural\Adapter\Adapter.csproj", "{CBE433A8-85F9-47FB-855F-4101B235A5C4}"
EndProject
Project("{9A19103F-16F7-4668-BE54-9A1E7A4F7556}") = "Bridge", "Structural\Bridge\Bridge.csproj", "{EBE95B14-8E1D-44D7-BFFD-F2390602AC74}"
EndProject
Project("{9A19103F-16F7-4668-BE54-9A1E7A4F7556}") = "Facade", "Structural\Facade\Facade.csproj", "{89693EC3-B9E4-4EED-9873-462904CCEB8F}"
EndProject
Project("{9A19103F-16F7-4668-BE54-9A1E7A4F7556}") = "Strategy", "Behavioral\Strategy\Strategy.csproj", "{0C1957CF-44E3-4BC3-B65F-7752FE938BB0}"
EndProject
Project("{9A19103F-16F7-4668-BE54-9A1E7A4F7556}") = "Command", "Behavioral\Command\Command.csproj", "{44922F39-796E-4C32-BDCF-ABDC74A2411B}"
EndProject
Project("{2150E333-8FDC-42A3-9474-1A3956D46DE8}") = "SOLID", "SOLID", "{1C6AB8D1-C7D8-44E7-A2F1-1C87FB77D46F}"
EndProject
Project("{9A19103F-16F7-4668-BE54-9A1E7A4F7556}") = "SOLID", "SOLID\SOLID.csproj", "{52588476-C63D-4FD9-AADE-5387E5FBAE13}"
EndProject
Project("{9A19103F-16F7-4668-BE54-9A1E7A4F7556}") = "SingleResponsibilityPrinciple", "SingleResponsibilityPrinciple\SingleResponsibilityPrinciple.csproj", "{CB70C3AC-8A12-4A1E-9D42-0B3164D869D1}"
EndProject
Project("{9A19103F-16F7-4668-BE54-9A1E7A4F7556}") = "Composite", "Composite\Composite.csproj", "{4FA470BD-0842-43ED-93AA-925B7D4907E9}"
EndProject
Project("{9A19103F-16F7-4668-BE54-9A1E7A4F7556}") = "Decorator", "Decorator\Decorator.csproj", "{842D8E78-E7F5-47A3-B56C-19CDD2A71705}"
EndProject
Project("{9A19103F-16F7-4668-BE54-9A1E7A4F7556}") = "Flyweight", "Flyweight\Flyweight.csproj", "{D2FA73D4-EC89-409D-8C11-C0716754661A}"
EndProject
Project("{9A19103F-16F7-4668-BE54-9A1E7A4F7556}") = "Proxy", "Proxy\Proxy.csproj", "{9AD63413-1DB0-4907-9AD4-00C2DE188BB2}"
EndProject
Project("{FAE04EC0-301F-11D3-BF4B-00C04F79EFBC}") = "TemplateMethod", "TemplateMethod\TemplateMethod.csproj", "{1AB953A1-203E-441A-B92B-EA291A1A9002}"
EndProject
Project("{FAE04EC0-301F-11D3-BF4B-00C04F79EFBC}") = "Iterator", "Iterator\Iterator.csproj", "{E66E1018-D1FB-4BAE-98BC-FA2EA9D513E0}"
EndProject
Global
	GlobalSection(SolutionConfigurationPlatforms) = preSolution
		Debug|Any CPU = Debug|Any CPU
		Release|Any CPU = Release|Any CPU
	EndGlobalSection
	GlobalSection(ProjectConfigurationPlatforms) = postSolution
		{C5B5762A-C4E7-4C35-86D3-EF7CBE66ABEA}.Debug|Any CPU.ActiveCfg = Debug|Any CPU
		{C5B5762A-C4E7-4C35-86D3-EF7CBE66ABEA}.Debug|Any CPU.Build.0 = Debug|Any CPU
		{C5B5762A-C4E7-4C35-86D3-EF7CBE66ABEA}.Release|Any CPU.ActiveCfg = Release|Any CPU
		{C5B5762A-C4E7-4C35-86D3-EF7CBE66ABEA}.Release|Any CPU.Build.0 = Release|Any CPU
		{097C74B3-1C5B-4ADC-A358-48720F16B470}.Debug|Any CPU.ActiveCfg = Debug|Any CPU
		{097C74B3-1C5B-4ADC-A358-48720F16B470}.Debug|Any CPU.Build.0 = Debug|Any CPU
		{097C74B3-1C5B-4ADC-A358-48720F16B470}.Release|Any CPU.ActiveCfg = Release|Any CPU
		{097C74B3-1C5B-4ADC-A358-48720F16B470}.Release|Any CPU.Build.0 = Release|Any CPU
		{CBE433A8-85F9-47FB-855F-4101B235A5C4}.Debug|Any CPU.ActiveCfg = Debug|Any CPU
		{CBE433A8-85F9-47FB-855F-4101B235A5C4}.Debug|Any CPU.Build.0 = Debug|Any CPU
		{CBE433A8-85F9-47FB-855F-4101B235A5C4}.Release|Any CPU.ActiveCfg = Release|Any CPU
		{CBE433A8-85F9-47FB-855F-4101B235A5C4}.Release|Any CPU.Build.0 = Release|Any CPU
		{EBE95B14-8E1D-44D7-BFFD-F2390602AC74}.Debug|Any CPU.ActiveCfg = Debug|Any CPU
		{EBE95B14-8E1D-44D7-BFFD-F2390602AC74}.Debug|Any CPU.Build.0 = Debug|Any CPU
		{EBE95B14-8E1D-44D7-BFFD-F2390602AC74}.Release|Any CPU.ActiveCfg = Release|Any CPU
		{EBE95B14-8E1D-44D7-BFFD-F2390602AC74}.Release|Any CPU.Build.0 = Release|Any CPU
		{89693EC3-B9E4-4EED-9873-462904CCEB8F}.Debug|Any CPU.ActiveCfg = Debug|Any CPU
		{89693EC3-B9E4-4EED-9873-462904CCEB8F}.Debug|Any CPU.Build.0 = Debug|Any CPU
		{89693EC3-B9E4-4EED-9873-462904CCEB8F}.Release|Any CPU.ActiveCfg = Release|Any CPU
		{89693EC3-B9E4-4EED-9873-462904CCEB8F}.Release|Any CPU.Build.0 = Release|Any CPU
		{0C1957CF-44E3-4BC3-B65F-7752FE938BB0}.Debug|Any CPU.ActiveCfg = Debug|Any CPU
		{0C1957CF-44E3-4BC3-B65F-7752FE938BB0}.Debug|Any CPU.Build.0 = Debug|Any CPU
		{0C1957CF-44E3-4BC3-B65F-7752FE938BB0}.Release|Any CPU.ActiveCfg = Release|Any CPU
		{0C1957CF-44E3-4BC3-B65F-7752FE938BB0}.Release|Any CPU.Build.0 = Release|Any CPU
		{44922F39-796E-4C32-BDCF-ABDC74A2411B}.Debug|Any CPU.ActiveCfg = Debug|Any CPU
		{44922F39-796E-4C32-BDCF-ABDC74A2411B}.Debug|Any CPU.Build.0 = Debug|Any CPU
		{44922F39-796E-4C32-BDCF-ABDC74A2411B}.Release|Any CPU.ActiveCfg = Release|Any CPU
		{44922F39-796E-4C32-BDCF-ABDC74A2411B}.Release|Any CPU.Build.0 = Release|Any CPU
		{52588476-C63D-4FD9-AADE-5387E5FBAE13}.Debug|Any CPU.ActiveCfg = Debug|Any CPU
		{52588476-C63D-4FD9-AADE-5387E5FBAE13}.Debug|Any CPU.Build.0 = Debug|Any CPU
		{52588476-C63D-4FD9-AADE-5387E5FBAE13}.Release|Any CPU.ActiveCfg = Release|Any CPU
		{52588476-C63D-4FD9-AADE-5387E5FBAE13}.Release|Any CPU.Build.0 = Release|Any CPU
		{CB70C3AC-8A12-4A1E-9D42-0B3164D869D1}.Debug|Any CPU.ActiveCfg = Debug|Any CPU
		{CB70C3AC-8A12-4A1E-9D42-0B3164D869D1}.Debug|Any CPU.Build.0 = Debug|Any CPU
		{CB70C3AC-8A12-4A1E-9D42-0B3164D869D1}.Release|Any CPU.ActiveCfg = Release|Any CPU
		{CB70C3AC-8A12-4A1E-9D42-0B3164D869D1}.Release|Any CPU.Build.0 = Release|Any CPU
		{4FA470BD-0842-43ED-93AA-925B7D4907E9}.Debug|Any CPU.ActiveCfg = Debug|Any CPU
		{4FA470BD-0842-43ED-93AA-925B7D4907E9}.Debug|Any CPU.Build.0 = Debug|Any CPU
		{4FA470BD-0842-43ED-93AA-925B7D4907E9}.Release|Any CPU.ActiveCfg = Release|Any CPU
		{4FA470BD-0842-43ED-93AA-925B7D4907E9}.Release|Any CPU.Build.0 = Release|Any CPU
		{842D8E78-E7F5-47A3-B56C-19CDD2A71705}.Debug|Any CPU.ActiveCfg = Debug|Any CPU
		{842D8E78-E7F5-47A3-B56C-19CDD2A71705}.Debug|Any CPU.Build.0 = Debug|Any CPU
		{842D8E78-E7F5-47A3-B56C-19CDD2A71705}.Release|Any CPU.ActiveCfg = Release|Any CPU
		{842D8E78-E7F5-47A3-B56C-19CDD2A71705}.Release|Any CPU.Build.0 = Release|Any CPU
		{D2FA73D4-EC89-409D-8C11-C0716754661A}.Debug|Any CPU.ActiveCfg = Debug|Any CPU
		{D2FA73D4-EC89-409D-8C11-C0716754661A}.Debug|Any CPU.Build.0 = Debug|Any CPU
		{D2FA73D4-EC89-409D-8C11-C0716754661A}.Release|Any CPU.ActiveCfg = Release|Any CPU
		{D2FA73D4-EC89-409D-8C11-C0716754661A}.Release|Any CPU.Build.0 = Release|Any CPU
		{9AD63413-1DB0-4907-9AD4-00C2DE188BB2}.Debug|Any CPU.ActiveCfg = Debug|Any CPU
		{9AD63413-1DB0-4907-9AD4-00C2DE188BB2}.Debug|Any CPU.Build.0 = Debug|Any CPU
		{9AD63413-1DB0-4907-9AD4-00C2DE188BB2}.Release|Any CPU.ActiveCfg = Release|Any CPU
		{9AD63413-1DB0-4907-9AD4-00C2DE188BB2}.Release|Any CPU.Build.0 = Release|Any CPU
		{1AB953A1-203E-441A-B92B-EA291A1A9002}.Debug|Any CPU.ActiveCfg = Debug|Any CPU
		{1AB953A1-203E-441A-B92B-EA291A1A9002}.Debug|Any CPU.Build.0 = Debug|Any CPU
		{1AB953A1-203E-441A-B92B-EA291A1A9002}.Release|Any CPU.ActiveCfg = Release|Any CPU
		{1AB953A1-203E-441A-B92B-EA291A1A9002}.Release|Any CPU.Build.0 = Release|Any CPU
		{E66E1018-D1FB-4BAE-98BC-FA2EA9D513E0}.Debug|Any CPU.ActiveCfg = Debug|Any CPU
		{E66E1018-D1FB-4BAE-98BC-FA2EA9D513E0}.Debug|Any CPU.Build.0 = Debug|Any CPU
		{E66E1018-D1FB-4BAE-98BC-FA2EA9D513E0}.Release|Any CPU.ActiveCfg = Release|Any CPU
		{E66E1018-D1FB-4BAE-98BC-FA2EA9D513E0}.Release|Any CPU.Build.0 = Release|Any CPU
	EndGlobalSection
	GlobalSection(SolutionProperties) = preSolution
		HideSolutionNode = FALSE
	EndGlobalSection
	GlobalSection(NestedProjects) = preSolution
		{C5B5762A-C4E7-4C35-86D3-EF7CBE66ABEA} = {F930DD78-BA50-4D2C-B487-93030713938F}
		{097C74B3-1C5B-4ADC-A358-48720F16B470} = {F930DD78-BA50-4D2C-B487-93030713938F}
		{CBE433A8-85F9-47FB-855F-4101B235A5C4} = {358512E5-F679-47E5-A849-5965FF51F617}
		{EBE95B14-8E1D-44D7-BFFD-F2390602AC74} = {358512E5-F679-47E5-A849-5965FF51F617}
		{89693EC3-B9E4-4EED-9873-462904CCEB8F} = {358512E5-F679-47E5-A849-5965FF51F617}
		{0C1957CF-44E3-4BC3-B65F-7752FE938BB0} = {E66F53B0-FDFD-40E7-AE20-7DED407F0EA6}
		{44922F39-796E-4C32-BDCF-ABDC74A2411B} = {E66F53B0-FDFD-40E7-AE20-7DED407F0EA6}
		{52588476-C63D-4FD9-AADE-5387E5FBAE13} = {1C6AB8D1-C7D8-44E7-A2F1-1C87FB77D46F}
		{CB70C3AC-8A12-4A1E-9D42-0B3164D869D1} = {1C6AB8D1-C7D8-44E7-A2F1-1C87FB77D46F}
		{4FA470BD-0842-43ED-93AA-925B7D4907E9} = {358512E5-F679-47E5-A849-5965FF51F617}
		{842D8E78-E7F5-47A3-B56C-19CDD2A71705} = {358512E5-F679-47E5-A849-5965FF51F617}
		{D2FA73D4-EC89-409D-8C11-C0716754661A} = {358512E5-F679-47E5-A849-5965FF51F617}
		{9AD63413-1DB0-4907-9AD4-00C2DE188BB2} = {358512E5-F679-47E5-A849-5965FF51F617}
		{1AB953A1-203E-441A-B92B-EA291A1A9002} = {E66F53B0-FDFD-40E7-AE20-7DED407F0EA6}
		{E66E1018-D1FB-4BAE-98BC-FA2EA9D513E0} = {E66F53B0-FDFD-40E7-AE20-7DED407F0EA6}
	EndGlobalSection
	GlobalSection(ExtensibilityGlobals) = postSolution
		SolutionGuid = {BF5F0596-3475-4849-AC60-FC7024DFFDC2}
	EndGlobalSection
EndGlobal
